
Microsoft Visual Studio Solution File, Format Version 12.00
# Visual Studio Version 17
VisualStudioVersion = 17.14.36623.8
MinimumVisualStudioVersion = 10.0.40219.1
Project("{FAE04EC0-301F-11D3-BF4B-00C04F79EFBC}") = "zhaocaimao", "zhaocaimao.csproj", "{A7AEC77B-2167-2D11-4D3B-F110A0099700}"
EndProject
Global
	GlobalSection(SolutionConfigurationPlatforms) = preSolution
		Debug|Any CPU = Debug|Any CPU
		Release|Any CPU = Release|Any CPU
	EndGlobalSection
	GlobalSection(ProjectConfigurationPlatforms) = postSolution
		{A7AEC77B-2167-2D11-4D3B-F110A0099700}.Debug|Any CPU.ActiveCfg = Debug|Any CPU
		{A7AEC77B-2167-2D11-4D3B-F110A0099700}.Debug|Any CPU.Build.0 = Debug|Any CPU
		{A7AEC77B-2167-2D11-4D3B-F110A0099700}.Release|Any CPU.ActiveCfg = Release|Any CPU
		{A7AEC77B-2167-2D11-4D3B-F110A0099700}.Release|Any CPU.Build.0 = Release|Any CPU
	EndGlobalSection
	GlobalSection(SolutionProperties) = preSolution
		HideSolutionNode = FALSE
	EndGlobalSection
	GlobalSection(ExtensibilityGlobals) = postSolution
		SolutionGuid = {7225083C-D539-41A8-B03E-8E941677A5DA}
	EndGlobalSection
EndGlobal
