
Microsoft Visual Studio Solution File, Format Version 12.00
# Visual Studio Version 17
VisualStudioVersion = 17.14.36623.8
MinimumVisualStudioVersion = 10.0.40219.1
Project("{FAE04EC0-301F-11D3-BF4B-00C04F79EFBC}") = "BaiShengVx3Plus", "BaiShengVx3Plus\BaiShengVx3Plus.csproj", "{CE0C8930-F21F-11FF-4A83-7D75088F0E87}"
EndProject
Project("{8BC9CEB8-8B4A-11D0-8D11-00A0C91BC942}") = "WeixinX", "WeixinX\WeixinX\WeixinX.vcxproj", "{01F1BBEB-CC3F-4658-8297-6592A3C23438}"
EndProject
Project("{8BC9CEB8-8B4A-11D0-8D11-00A0C91BC942}") = "Initiator", "WeixinX\Initiator\Initiator.vcxproj", "{8638C857-C9F4-4EFE-8F6C-D8F42E24EA05}"
EndProject
Project("{FAE04EC0-301F-11D3-BF4B-00C04F79EFBC}") = "F5BotV2", "F5BotV2\F5BotV2.csproj", "{221EBD80-7B7C-459D-A094-80A00ACDA949}"
EndProject
Project("{FAE04EC0-301F-11D3-BF4B-00C04F79EFBC}") = "LxLib", "LxLib\LxLib.csproj", "{22EB47D4-BBFC-4BDD-88BA-E9DB8555DE55}"
EndProject
Project("{8BC9CEB8-8B4A-11D0-8D11-00A0C91BC942}") = "Loader", "Loader\Loader.vcxproj", "{12345678-ABCD-EF12-3456-789ABCDEF012}"
EndProject
Project("{FAE04EC0-301F-11D3-BF4B-00C04F79EFBC}") = "BsBrowserClient", "BsBrowserClient\BsBrowserClient.csproj", "{C732FB7E-620A-4EAA-943E-E3D15F5127A6}"
EndProject
Project("{FAE04EC0-301F-11D3-BF4B-00C04F79EFBC}") = "BinGoPlans", "BinGoPlans\BinGoPlans.csproj", "{C8AA7C5D-3140-4CEC-AF04-4964F48976EF}"
EndProject
Project("{FAE04EC0-301F-11D3-BF4B-00C04F79EFBC}") = "永利系统", "永利系统\永利系统.csproj", "{666ACD2A-3AC7-46E9-BE3E-0F6670946FC6}"
EndProject
Project("{2150E333-8FDC-42A3-9474-1A3956D46DE8}") = "AI工作规则", "AI工作规则", "{02EA681E-C7D8-13C7-8484-4AC65E1B71E8}"
EndProject
Global
	GlobalSection(SolutionConfigurationPlatforms) = preSolution
		Debug|Any CPU = Debug|Any CPU
		Debug|x64 = Debug|x64
		Debug|x86 = Debug|x86
		Release|Any CPU = Release|Any CPU
		Release|x64 = Release|x64
		Release|x86 = Release|x86
	EndGlobalSection
	GlobalSection(ProjectConfigurationPlatforms) = postSolution
		{CE0C8930-F21F-11FF-4A83-7D75088F0E87}.Debug|Any CPU.ActiveCfg = Debug|Any CPU
		{CE0C8930-F21F-11FF-4A83-7D75088F0E87}.Debug|Any CPU.Build.0 = Debug|Any CPU
		{CE0C8930-F21F-11FF-4A83-7D75088F0E87}.Debug|x64.ActiveCfg = Debug|Any CPU
		{CE0C8930-F21F-11FF-4A83-7D75088F0E87}.Debug|x64.Build.0 = Debug|Any CPU
		{CE0C8930-F21F-11FF-4A83-7D75088F0E87}.Debug|x86.ActiveCfg = Debug|Any CPU
		{CE0C8930-F21F-11FF-4A83-7D75088F0E87}.Debug|x86.Build.0 = Debug|Any CPU
		{CE0C8930-F21F-11FF-4A83-7D75088F0E87}.Release|Any CPU.ActiveCfg = Release|Any CPU
		{CE0C8930-F21F-11FF-4A83-7D75088F0E87}.Release|Any CPU.Build.0 = Release|Any CPU
		{CE0C8930-F21F-11FF-4A83-7D75088F0E87}.Release|x64.ActiveCfg = Release|Any CPU
		{CE0C8930-F21F-11FF-4A83-7D75088F0E87}.Release|x64.Build.0 = Release|Any CPU
		{CE0C8930-F21F-11FF-4A83-7D75088F0E87}.Release|x86.ActiveCfg = Release|Any CPU
		{CE0C8930-F21F-11FF-4A83-7D75088F0E87}.Release|x86.Build.0 = Release|Any CPU
		{01F1BBEB-CC3F-4658-8297-6592A3C23438}.Debug|Any CPU.ActiveCfg = Debug|x64
		{01F1BBEB-CC3F-4658-8297-6592A3C23438}.Debug|Any CPU.Build.0 = Debug|x64
		{01F1BBEB-CC3F-4658-8297-6592A3C23438}.Debug|x64.ActiveCfg = Debug|x64
		{01F1BBEB-CC3F-4658-8297-6592A3C23438}.Debug|x64.Build.0 = Debug|x64
		{01F1BBEB-CC3F-4658-8297-6592A3C23438}.Debug|x86.ActiveCfg = Debug|Win32
		{01F1BBEB-CC3F-4658-8297-6592A3C23438}.Debug|x86.Build.0 = Debug|Win32
		{01F1BBEB-CC3F-4658-8297-6592A3C23438}.Release|Any CPU.ActiveCfg = Release|x64
		{01F1BBEB-CC3F-4658-8297-6592A3C23438}.Release|Any CPU.Build.0 = Release|x64
		{01F1BBEB-CC3F-4658-8297-6592A3C23438}.Release|x64.ActiveCfg = Release|x64
		{01F1BBEB-CC3F-4658-8297-6592A3C23438}.Release|x64.Build.0 = Release|x64
		{01F1BBEB-CC3F-4658-8297-6592A3C23438}.Release|x86.ActiveCfg = Release|Win32
		{01F1BBEB-CC3F-4658-8297-6592A3C23438}.Release|x86.Build.0 = Release|Win32
		{8638C857-C9F4-4EFE-8F6C-D8F42E24EA05}.Debug|Any CPU.ActiveCfg = Debug|x64
		{8638C857-C9F4-4EFE-8F6C-D8F42E24EA05}.Debug|Any CPU.Build.0 = Debug|x64
		{8638C857-C9F4-4EFE-8F6C-D8F42E24EA05}.Debug|x64.ActiveCfg = Debug|x64
		{8638C857-C9F4-4EFE-8F6C-D8F42E24EA05}.Debug|x64.Build.0 = Debug|x64
		{8638C857-C9F4-4EFE-8F6C-D8F42E24EA05}.Debug|x86.ActiveCfg = Debug|Win32
		{8638C857-C9F4-4EFE-8F6C-D8F42E24EA05}.Debug|x86.Build.0 = Debug|Win32
		{8638C857-C9F4-4EFE-8F6C-D8F42E24EA05}.Release|Any CPU.ActiveCfg = Release|x64
		{8638C857-C9F4-4EFE-8F6C-D8F42E24EA05}.Release|Any CPU.Build.0 = Release|x64
		{8638C857-C9F4-4EFE-8F6C-D8F42E24EA05}.Release|x64.ActiveCfg = Release|x64
		{8638C857-C9F4-4EFE-8F6C-D8F42E24EA05}.Release|x64.Build.0 = Release|x64
		{8638C857-C9F4-4EFE-8F6C-D8F42E24EA05}.Release|x86.ActiveCfg = Release|Win32
		{8638C857-C9F4-4EFE-8F6C-D8F42E24EA05}.Release|x86.Build.0 = Release|Win32
		{221EBD80-7B7C-459D-A094-80A00ACDA949}.Debug|Any CPU.ActiveCfg = Debug|Any CPU
		{221EBD80-7B7C-459D-A094-80A00ACDA949}.Debug|Any CPU.Build.0 = Debug|Any CPU
		{221EBD80-7B7C-459D-A094-80A00ACDA949}.Debug|x64.ActiveCfg = Debug|x64
		{221EBD80-7B7C-459D-A094-80A00ACDA949}.Debug|x64.Build.0 = Debug|x64
		{221EBD80-7B7C-459D-A094-80A00ACDA949}.Debug|x86.ActiveCfg = Debug|x86
		{221EBD80-7B7C-459D-A094-80A00ACDA949}.Debug|x86.Build.0 = Debug|x86
		{221EBD80-7B7C-459D-A094-80A00ACDA949}.Release|Any CPU.ActiveCfg = Release|Any CPU
		{221EBD80-7B7C-459D-A094-80A00ACDA949}.Release|Any CPU.Build.0 = Release|Any CPU
		{221EBD80-7B7C-459D-A094-80A00ACDA949}.Release|x64.ActiveCfg = Release|x64
		{221EBD80-7B7C-459D-A094-80A00ACDA949}.Release|x64.Build.0 = Release|x64
		{221EBD80-7B7C-459D-A094-80A00ACDA949}.Release|x86.ActiveCfg = Release|x86
		{221EBD80-7B7C-459D-A094-80A00ACDA949}.Release|x86.Build.0 = Release|x86
		{22EB47D4-BBFC-4BDD-88BA-E9DB8555DE55}.Debug|Any CPU.ActiveCfg = Debug|Any CPU
		{22EB47D4-BBFC-4BDD-88BA-E9DB8555DE55}.Debug|Any CPU.Build.0 = Debug|Any CPU
		{22EB47D4-BBFC-4BDD-88BA-E9DB8555DE55}.Debug|x64.ActiveCfg = Debug|Any CPU
		{22EB47D4-BBFC-4BDD-88BA-E9DB8555DE55}.Debug|x64.Build.0 = Debug|Any CPU
		{22EB47D4-BBFC-4BDD-88BA-E9DB8555DE55}.Debug|x86.ActiveCfg = Debug|Any CPU
		{22EB47D4-BBFC-4BDD-88BA-E9DB8555DE55}.Debug|x86.Build.0 = Debug|Any CPU
		{22EB47D4-BBFC-4BDD-88BA-E9DB8555DE55}.Release|Any CPU.ActiveCfg = Release|Any CPU
		{22EB47D4-BBFC-4BDD-88BA-E9DB8555DE55}.Release|Any CPU.Build.0 = Release|Any CPU
		{22EB47D4-BBFC-4BDD-88BA-E9DB8555DE55}.Release|x64.ActiveCfg = Release|Any CPU
		{22EB47D4-BBFC-4BDD-88BA-E9DB8555DE55}.Release|x64.Build.0 = Release|Any CPU
		{22EB47D4-BBFC-4BDD-88BA-E9DB8555DE55}.Release|x86.ActiveCfg = Release|Any CPU
		{22EB47D4-BBFC-4BDD-88BA-E9DB8555DE55}.Release|x86.Build.0 = Release|Any CPU
		{12345678-ABCD-EF12-3456-789ABCDEF012}.Debug|Any CPU.ActiveCfg = Debug|x64
		{12345678-ABCD-EF12-3456-789ABCDEF012}.Debug|Any CPU.Build.0 = Debug|x64
		{12345678-ABCD-EF12-3456-789ABCDEF012}.Debug|x64.ActiveCfg = Debug|x64
		{12345678-ABCD-EF12-3456-789ABCDEF012}.Debug|x64.Build.0 = Debug|x64
		{12345678-ABCD-EF12-3456-789ABCDEF012}.Debug|x86.ActiveCfg = Debug|Win32
		{12345678-ABCD-EF12-3456-789ABCDEF012}.Debug|x86.Build.0 = Debug|Win32
		{12345678-ABCD-EF12-3456-789ABCDEF012}.Release|Any CPU.ActiveCfg = Release|x64
		{12345678-ABCD-EF12-3456-789ABCDEF012}.Release|Any CPU.Build.0 = Release|x64
		{12345678-ABCD-EF12-3456-789ABCDEF012}.Release|x64.ActiveCfg = Release|x64
		{12345678-ABCD-EF12-3456-789ABCDEF012}.Release|x64.Build.0 = Release|x64
		{12345678-ABCD-EF12-3456-789ABCDEF012}.Release|x86.ActiveCfg = Release|Win32
		{12345678-ABCD-EF12-3456-789ABCDEF012}.Release|x86.Build.0 = Release|Win32
		{C732FB7E-620A-4EAA-943E-E3D15F5127A6}.Debug|Any CPU.ActiveCfg = Debug|Any CPU
		{C732FB7E-620A-4EAA-943E-E3D15F5127A6}.Debug|Any CPU.Build.0 = Debug|Any CPU
		{C732FB7E-620A-4EAA-943E-E3D15F5127A6}.Debug|x64.ActiveCfg = Debug|Any CPU
		{C732FB7E-620A-4EAA-943E-E3D15F5127A6}.Debug|x64.Build.0 = Debug|Any CPU
		{C732FB7E-620A-4EAA-943E-E3D15F5127A6}.Debug|x86.ActiveCfg = Debug|Any CPU
		{C732FB7E-620A-4EAA-943E-E3D15F5127A6}.Debug|x86.Build.0 = Debug|Any CPU
		{C732FB7E-620A-4EAA-943E-E3D15F5127A6}.Release|Any CPU.ActiveCfg = Release|Any CPU
		{C732FB7E-620A-4EAA-943E-E3D15F5127A6}.Release|Any CPU.Build.0 = Release|Any CPU
		{C732FB7E-620A-4EAA-943E-E3D15F5127A6}.Release|x64.ActiveCfg = Release|Any CPU
		{C732FB7E-620A-4EAA-943E-E3D15F5127A6}.Release|x64.Build.0 = Release|Any CPU
		{C732FB7E-620A-4EAA-943E-E3D15F5127A6}.Release|x86.ActiveCfg = Release|Any CPU
		{C732FB7E-620A-4EAA-943E-E3D15F5127A6}.Release|x86.Build.0 = Release|Any CPU
		{C8AA7C5D-3140-4CEC-AF04-4964F48976EF}.Debug|Any CPU.ActiveCfg = Debug|Any CPU
		{C8AA7C5D-3140-4CEC-AF04-4964F48976EF}.Debug|Any CPU.Build.0 = Debug|Any CPU
		{C8AA7C5D-3140-4CEC-AF04-4964F48976EF}.Debug|x64.ActiveCfg = Debug|Any CPU
		{C8AA7C5D-3140-4CEC-AF04-4964F48976EF}.Debug|x64.Build.0 = Debug|Any CPU
		{C8AA7C5D-3140-4CEC-AF04-4964F48976EF}.Debug|x86.ActiveCfg = Debug|Any CPU
		{C8AA7C5D-3140-4CEC-AF04-4964F48976EF}.Debug|x86.Build.0 = Debug|Any CPU
		{C8AA7C5D-3140-4CEC-AF04-4964F48976EF}.Release|Any CPU.ActiveCfg = Release|Any CPU
		{C8AA7C5D-3140-4CEC-AF04-4964F48976EF}.Release|Any CPU.Build.0 = Release|Any CPU
		{C8AA7C5D-3140-4CEC-AF04-4964F48976EF}.Release|x64.ActiveCfg = Release|Any CPU
		{C8AA7C5D-3140-4CEC-AF04-4964F48976EF}.Release|x64.Build.0 = Release|Any CPU
		{C8AA7C5D-3140-4CEC-AF04-4964F48976EF}.Release|x86.ActiveCfg = Release|Any CPU
		{C8AA7C5D-3140-4CEC-AF04-4964F48976EF}.Release|x86.Build.0 = Release|Any CPU
		{666ACD2A-3AC7-46E9-BE3E-0F6670946FC6}.Debug|Any CPU.ActiveCfg = Debug|Any CPU
		{666ACD2A-3AC7-46E9-BE3E-0F6670946FC6}.Debug|Any CPU.Build.0 = Debug|Any CPU
		{666ACD2A-3AC7-46E9-BE3E-0F6670946FC6}.Debug|x64.ActiveCfg = Debug|Any CPU
		{666ACD2A-3AC7-46E9-BE3E-0F6670946FC6}.Debug|x64.Build.0 = Debug|Any CPU
		{666ACD2A-3AC7-46E9-BE3E-0F6670946FC6}.Debug|x86.ActiveCfg = Debug|Any CPU
		{666ACD2A-3AC7-46E9-BE3E-0F6670946FC6}.Debug|x86.Build.0 = Debug|Any CPU
		{666ACD2A-3AC7-46E9-BE3E-0F6670946FC6}.Release|Any CPU.ActiveCfg = Release|Any CPU
		{666ACD2A-3AC7-46E9-BE3E-0F6670946FC6}.Release|Any CPU.Build.0 = Release|Any CPU
		{666ACD2A-3AC7-46E9-BE3E-0F6670946FC6}.Release|x64.ActiveCfg = Release|Any CPU
		{666ACD2A-3AC7-46E9-BE3E-0F6670946FC6}.Release|x64.Build.0 = Release|Any CPU
		{666ACD2A-3AC7-46E9-BE3E-0F6670946FC6}.Release|x86.ActiveCfg = Release|Any CPU
		{666ACD2A-3AC7-46E9-BE3E-0F6670946FC6}.Release|x86.Build.0 = Release|Any CPU
	EndGlobalSection
	GlobalSection(SolutionProperties) = preSolution
		HideSolutionNode = FALSE
	EndGlobalSection
	GlobalSection(ExtensibilityGlobals) = postSolution
		SolutionGuid = {177D3010-8A5F-48AF-818E-7D54C0B0430C}
	EndGlobalSection
EndGlobal
